Microsoft Visual Studio Solution File, Format Version 12.00
# Visual Studio Version 17
VisualStudioVersion = 17.5.2.0
MinimumVisualStudioVersion = 10.0.40219.1
Project("{FAE04EC0-301F-11D3-BF4B-00C04F79EFBC}") = "Improved_Cookie_Cookbook", "Improved_Cookie_Cookbook.csproj", "{3DA05EF8-B766-6E7D-9C49-79521BB8EFBC}"
EndProject
Global
	GlobalSection(SolutionConfigurationPlatforms) = preSolution
		Debug|Any CPU = Debug|Any CPU
		Release|Any CPU = Release|Any CPU
	EndGlobalSection
	GlobalSection(ProjectConfigurationPlatforms) = postSolution
		{3DA05EF8-B766-6E7D-9C49-79521BB8EFBC}.Debug|Any CPU.ActiveCfg = Debug|Any CPU
		{3DA05EF8-B766-6E7D-9C49-79521BB8EFBC}.Debug|Any CPU.Build.0 = Debug|Any CPU
		{3DA05EF8-B766-6E7D-9C49-79521BB8EFBC}.Release|Any CPU.ActiveCfg = Release|Any CPU
		{3DA05EF8-B766-6E7D-9C49-79521BB8EFBC}.Release|Any CPU.Build.0 = Release|Any CPU
	EndGlobalSection
	GlobalSection(SolutionProperties) = preSolution
		HideSolutionNode = FALSE
	EndGlobalSection
	GlobalSection(ExtensibilityGlobals) = postSolution
		SolutionGuid = {7E5BBF2F-FD85-49BE-921A-3AD07C26B996}
	EndGlobalSection
EndGlobal
